
Microsoft Visual Studio Solution File, Format Version 12.00
# Visual Studio Version 16
VisualStudioVersion = 16.0.30804.86
MinimumVisualStudioVersion = 10.0.40219.1
Project("{FAE04EC0-301F-11D3-BF4B-00C04F79EFBC}") = "Proyecto MVC - VelvetSamayoa", "Proyecto MVC - VelvetSamayoa\Proyecto MVC - VelvetSamayoa.csproj", "{55C9D986-CBBB-4B8F-977B-34B243CBF3BB}"
EndProject
Global
	GlobalSection(SolutionConfigurationPlatforms) = preSolution
		Debug|Any CPU = Debug|Any CPU
		Release|Any CPU = Release|Any CPU
	EndGlobalSection
	GlobalSection(ProjectConfigurationPlatforms) = postSolution
		{55C9D986-CBBB-4B8F-977B-34B243CBF3BB}.Debug|Any CPU.ActiveCfg = Debug|Any CPU
		{55C9D986-CBBB-4B8F-977B-34B243CBF3BB}.Debug|Any CPU.Build.0 = Debug|Any CPU
		{55C9D986-CBBB-4B8F-977B-34B243CBF3BB}.Release|Any CPU.ActiveCfg = Release|Any CPU
		{55C9D986-CBBB-4B8F-977B-34B243CBF3BB}.Release|Any CPU.Build.0 = Release|Any CPU
	EndGlobalSection
	GlobalSection(SolutionProperties) = preSolution
		HideSolutionNode = FALSE
	EndGlobalSection
	GlobalSection(ExtensibilityGlobals) = postSolution
		SolutionGuid = {4FCED1DB-71C8-4CDC-94D9-C3BC635FCAC8}
	EndGlobalSection
EndGlobal
