
Microsoft Visual Studio Solution File, Format Version 12.00
# Visual Studio Version 16
VisualStudioVersion = 16.0.35026.282
MinimumVisualStudioVersion = 10.0.40219.1
Project("{FAE04EC0-301F-11D3-BF4B-00C04F79EFBC}") = "CapacitacionODBC", "CapacitacionODBC\CapacitacionODBC.csproj", "{ADBCADBC-EB66-41FC-A078-F192366C3906}"
EndProject
Global
	GlobalSection(SolutionConfigurationPlatforms) = preSolution
		Debug|Any CPU = Debug|Any CPU
		Release|Any CPU = Release|Any CPU
	EndGlobalSection
	GlobalSection(ProjectConfigurationPlatforms) = postSolution
		{ADBCADBC-EB66-41FC-A078-F192366C3906}.Debug|Any CPU.ActiveCfg = Debug|Any CPU
		{ADBCADBC-EB66-41FC-A078-F192366C3906}.Debug|Any CPU.Build.0 = Debug|Any CPU
		{ADBCADBC-EB66-41FC-A078-F192366C3906}.Release|Any CPU.ActiveCfg = Release|Any CPU
		{ADBCADBC-EB66-41FC-A078-F192366C3906}.Release|Any CPU.Build.0 = Release|Any CPU
	EndGlobalSection
	GlobalSection(SolutionProperties) = preSolution
		HideSolutionNode = FALSE
	EndGlobalSection
	GlobalSection(ExtensibilityGlobals) = postSolution
		SolutionGuid = {AAE71659-BC16-4B35-B544-A2AC42FCF422}
	EndGlobalSection
EndGlobal
