
Microsoft Visual Studio Solution File, Format Version 12.00
# Visual Studio Version 16
VisualStudioVersion = 16.0.35026.282
MinimumVisualStudioVersion = 10.0.40219.1
Project("{FAE04EC0-301F-11D3-BF4B-00C04F79EFBC}") = "CapaVista", "CapaVista\CapaVista.csproj", "{89B44B3C-307D-44B6-937A-B5ECBD2DB29C}"
EndProject
Project("{FAE04EC0-301F-11D3-BF4B-00C04F79EFBC}") = "CapaControlador", "CapaControlador\CapaControlador.csproj", "{EB649913-8F9E-4A0C-B49B-55057AE2192F}"
EndProject
Project("{FAE04EC0-301F-11D3-BF4B-00C04F79EFBC}") = "CapaModelo", "CapaModelo\CapaModelo.csproj", "{9361C3EE-F865-4319-9A67-420755978E5E}"
EndProject
Global
	GlobalSection(SolutionConfigurationPlatforms) = preSolution
		Debug|Any CPU = Debug|Any CPU
		Release|Any CPU = Release|Any CPU
	EndGlobalSection
	GlobalSection(ProjectConfigurationPlatforms) = postSolution
		{89B44B3C-307D-44B6-937A-B5ECBD2DB29C}.Debug|Any CPU.ActiveCfg = Debug|Any CPU
		{89B44B3C-307D-44B6-937A-B5ECBD2DB29C}.Debug|Any CPU.Build.0 = Debug|Any CPU
		{89B44B3C-307D-44B6-937A-B5ECBD2DB29C}.Release|Any CPU.ActiveCfg = Release|Any CPU
		{89B44B3C-307D-44B6-937A-B5ECBD2DB29C}.Release|Any CPU.Build.0 = Release|Any CPU
		{EB649913-8F9E-4A0C-B49B-55057AE2192F}.Debug|Any CPU.ActiveCfg = Debug|Any CPU
		{EB649913-8F9E-4A0C-B49B-55057AE2192F}.Debug|Any CPU.Build.0 = Debug|Any CPU
		{EB649913-8F9E-4A0C-B49B-55057AE2192F}.Release|Any CPU.ActiveCfg = Release|Any CPU
		{EB649913-8F9E-4A0C-B49B-55057AE2192F}.Release|Any CPU.Build.0 = Release|Any CPU
		{9361C3EE-F865-4319-9A67-420755978E5E}.Debug|Any CPU.ActiveCfg = Debug|Any CPU
		{9361C3EE-F865-4319-9A67-420755978E5E}.Debug|Any CPU.Build.0 = Debug|Any CPU
		{9361C3EE-F865-4319-9A67-420755978E5E}.Release|Any CPU.ActiveCfg = Release|Any CPU
		{9361C3EE-F865-4319-9A67-420755978E5E}.Release|Any CPU.Build.0 = Release|Any CPU
	EndGlobalSection
	GlobalSection(SolutionProperties) = preSolution
		HideSolutionNode = FALSE
	EndGlobalSection
	GlobalSection(ExtensibilityGlobals) = postSolution
		SolutionGuid = {F3A62ADA-639B-475C-9742-9CA1AF2175B6}
	EndGlobalSection
EndGlobal
