
Microsoft Visual Studio Solution File, Format Version 12.00
# Visual Studio Version 16
VisualStudioVersion = 16.0.32802.440
MinimumVisualStudioVersion = 10.0.40219.1
Project("{FAE04EC0-301F-11D3-BF4B-00C04F79EFBC}") = "EmpleadosPrueba", "EmpleadosPrueba\EmpleadosPrueba.csproj", "{EAE15E02-3D6F-490E-A28B-980A706A894E}"
EndProject
Global
	GlobalSection(SolutionConfigurationPlatforms) = preSolution
		Debug|Any CPU = Debug|Any CPU
		Release|Any CPU = Release|Any CPU
	EndGlobalSection
	GlobalSection(ProjectConfigurationPlatforms) = postSolution
		{EAE15E02-3D6F-490E-A28B-980A706A894E}.Debug|Any CPU.ActiveCfg = Debug|Any CPU
		{EAE15E02-3D6F-490E-A28B-980A706A894E}.Debug|Any CPU.Build.0 = Debug|Any CPU
		{EAE15E02-3D6F-490E-A28B-980A706A894E}.Release|Any CPU.ActiveCfg = Release|Any CPU
		{EAE15E02-3D6F-490E-A28B-980A706A894E}.Release|Any CPU.Build.0 = Release|Any CPU
	EndGlobalSection
	GlobalSection(SolutionProperties) = preSolution
		HideSolutionNode = FALSE
	EndGlobalSection
	GlobalSection(ExtensibilityGlobals) = postSolution
		SolutionGuid = {9086C8E0-0A20-43DC-AE16-C37E34249214}
	EndGlobalSection
EndGlobal
