
Microsoft Visual Studio Solution File, Format Version 12.00
# Visual Studio Version 16
VisualStudioVersion = 16.0.35026.282
MinimumVisualStudioVersion = 10.0.40219.1
Project("{FAE04EC0-301F-11D3-BF4B-00C04F79EFBC}") = "ProyectoEjecucion", "ProyectoEjecucion\ProyectoEjecucion.csproj", "{406691F0-BAA8-4AFA-845B-867B0124AC6C}"
EndProject
Global
	GlobalSection(SolutionConfigurationPlatforms) = preSolution
		Debug|Any CPU = Debug|Any CPU
		Release|Any CPU = Release|Any CPU
	EndGlobalSection
	GlobalSection(ProjectConfigurationPlatforms) = postSolution
		{406691F0-BAA8-4AFA-845B-867B0124AC6C}.Debug|Any CPU.ActiveCfg = Debug|Any CPU
		{406691F0-BAA8-4AFA-845B-867B0124AC6C}.Debug|Any CPU.Build.0 = Debug|Any CPU
		{406691F0-BAA8-4AFA-845B-867B0124AC6C}.Release|Any CPU.ActiveCfg = Release|Any CPU
		{406691F0-BAA8-4AFA-845B-867B0124AC6C}.Release|Any CPU.Build.0 = Release|Any CPU
	EndGlobalSection
	GlobalSection(SolutionProperties) = preSolution
		HideSolutionNode = FALSE
	EndGlobalSection
	GlobalSection(ExtensibilityGlobals) = postSolution
		SolutionGuid = {141CA8D4-7409-4FB2-BDE6-5CF11961EE6A}
	EndGlobalSection
EndGlobal
