
Microsoft Visual Studio Solution File, Format Version 12.00
# Visual Studio Version 16
VisualStudioVersion = 16.0.30804.86
MinimumVisualStudioVersion = 10.0.40219.1
Project("{FAE04EC0-301F-11D3-BF4B-00C04F79EFBC}") = "EmpleadosPrueba", "EmpleadosPrueba\EmpleadosPrueba.csproj", "{94D75FE1-3381-4FE6-9B18-CC39E9342B10}"
EndProject
Global
	GlobalSection(SolutionConfigurationPlatforms) = preSolution
		Debug|Any CPU = Debug|Any CPU
		Release|Any CPU = Release|Any CPU
	EndGlobalSection
	GlobalSection(ProjectConfigurationPlatforms) = postSolution
		{94D75FE1-3381-4FE6-9B18-CC39E9342B10}.Debug|Any CPU.ActiveCfg = Debug|Any CPU
		{94D75FE1-3381-4FE6-9B18-CC39E9342B10}.Debug|Any CPU.Build.0 = Debug|Any CPU
		{94D75FE1-3381-4FE6-9B18-CC39E9342B10}.Release|Any CPU.ActiveCfg = Release|Any CPU
		{94D75FE1-3381-4FE6-9B18-CC39E9342B10}.Release|Any CPU.Build.0 = Release|Any CPU
	EndGlobalSection
	GlobalSection(SolutionProperties) = preSolution
		HideSolutionNode = FALSE
	EndGlobalSection
	GlobalSection(ExtensibilityGlobals) = postSolution
		SolutionGuid = {AEDB0CBA-C04C-4E86-936E-C6580C2303D8}
	EndGlobalSection
EndGlobal
