
Microsoft Visual Studio Solution File, Format Version 12.00
# Visual Studio Version 16
VisualStudioVersion = 16.0.32630.194
MinimumVisualStudioVersion = 10.0.40219.1
Project("{FAE04EC0-301F-11D3-BF4B-00C04F79EFBC}") = "CapaVista", "CapaVista\CapaVista.csproj", "{95A22988-D2CC-4FEF-8104-08359B78900B}"
EndProject
Project("{FAE04EC0-301F-11D3-BF4B-00C04F79EFBC}") = "CapaControlador", "CapaControlador\CapaControlador.csproj", "{B26EA58D-0106-40DC-9E43-64A03B9034D8}"
EndProject
Project("{FAE04EC0-301F-11D3-BF4B-00C04F79EFBC}") = "CapaModelo", "CapaModelo\CapaModelo.csproj", "{29B254E0-D345-4DFE-AB1C-B755665B44F0}"
EndProject
Global
	GlobalSection(SolutionConfigurationPlatforms) = preSolution
		Debug|Any CPU = Debug|Any CPU
		Release|Any CPU = Release|Any CPU
	EndGlobalSection
	GlobalSection(ProjectConfigurationPlatforms) = postSolution
		{95A22988-D2CC-4FEF-8104-08359B78900B}.Debug|Any CPU.ActiveCfg = Debug|Any CPU
		{95A22988-D2CC-4FEF-8104-08359B78900B}.Debug|Any CPU.Build.0 = Debug|Any CPU
		{95A22988-D2CC-4FEF-8104-08359B78900B}.Release|Any CPU.ActiveCfg = Release|Any CPU
		{95A22988-D2CC-4FEF-8104-08359B78900B}.Release|Any CPU.Build.0 = Release|Any CPU
		{B26EA58D-0106-40DC-9E43-64A03B9034D8}.Debug|Any CPU.ActiveCfg = Debug|Any CPU
		{B26EA58D-0106-40DC-9E43-64A03B9034D8}.Debug|Any CPU.Build.0 = Debug|Any CPU
		{B26EA58D-0106-40DC-9E43-64A03B9034D8}.Release|Any CPU.ActiveCfg = Release|Any CPU
		{B26EA58D-0106-40DC-9E43-64A03B9034D8}.Release|Any CPU.Build.0 = Release|Any CPU
		{29B254E0-D345-4DFE-AB1C-B755665B44F0}.Debug|Any CPU.ActiveCfg = Debug|Any CPU
		{29B254E0-D345-4DFE-AB1C-B755665B44F0}.Debug|Any CPU.Build.0 = Debug|Any CPU
		{29B254E0-D345-4DFE-AB1C-B755665B44F0}.Release|Any CPU.ActiveCfg = Release|Any CPU
		{29B254E0-D345-4DFE-AB1C-B755665B44F0}.Release|Any CPU.Build.0 = Release|Any CPU
	EndGlobalSection
	GlobalSection(SolutionProperties) = preSolution
		HideSolutionNode = FALSE
	EndGlobalSection
	GlobalSection(ExtensibilityGlobals) = postSolution
		SolutionGuid = {F1A57F31-C11D-4A94-9114-B8F226548236}
	EndGlobalSection
EndGlobal
