
Microsoft Visual Studio Solution File, Format Version 12.00
# Visual Studio Version 16
VisualStudioVersion = 16.0.32802.440
MinimumVisualStudioVersion = 10.0.40219.1
Project("{FAE04EC0-301F-11D3-BF4B-00C04F79EFBC}") = "EmpleadosPrueba", "EmpleadosPrueba\EmpleadosPrueba.csproj", "{92D1E732-A9B5-42BE-BA0E-ADBAE24CAB4C}"
EndProject
Global
	GlobalSection(SolutionConfigurationPlatforms) = preSolution
		Debug|Any CPU = Debug|Any CPU
		Release|Any CPU = Release|Any CPU
	EndGlobalSection
	GlobalSection(ProjectConfigurationPlatforms) = postSolution
		{92D1E732-A9B5-42BE-BA0E-ADBAE24CAB4C}.Debug|Any CPU.ActiveCfg = Debug|Any CPU
		{92D1E732-A9B5-42BE-BA0E-ADBAE24CAB4C}.Debug|Any CPU.Build.0 = Debug|Any CPU
		{92D1E732-A9B5-42BE-BA0E-ADBAE24CAB4C}.Release|Any CPU.ActiveCfg = Release|Any CPU
		{92D1E732-A9B5-42BE-BA0E-ADBAE24CAB4C}.Release|Any CPU.Build.0 = Release|Any CPU
	EndGlobalSection
	GlobalSection(SolutionProperties) = preSolution
		HideSolutionNode = FALSE
	EndGlobalSection
	GlobalSection(ExtensibilityGlobals) = postSolution
		SolutionGuid = {CBC1D547-66FE-450C-97CF-F1CEBFAC53FF}
	EndGlobalSection
EndGlobal
