
Microsoft Visual Studio Solution File, Format Version 12.00
# Visual Studio Version 16
VisualStudioVersion = 16.0.32802.440
MinimumVisualStudioVersion = 10.0.40219.1
Project("{FAE04EC0-301F-11D3-BF4B-00C04F79EFBC}") = "EmpleadosPrueba", "EmpleadosPrueba\EmpleadosPrueba.csproj", "{7299758B-5C46-43E5-8A8C-9704005BAB21}"
EndProject
Global
	GlobalSection(SolutionConfigurationPlatforms) = preSolution
		Debug|Any CPU = Debug|Any CPU
		Release|Any CPU = Release|Any CPU
	EndGlobalSection
	GlobalSection(ProjectConfigurationPlatforms) = postSolution
		{7299758B-5C46-43E5-8A8C-9704005BAB21}.Debug|Any CPU.ActiveCfg = Debug|Any CPU
		{7299758B-5C46-43E5-8A8C-9704005BAB21}.Debug|Any CPU.Build.0 = Debug|Any CPU
		{7299758B-5C46-43E5-8A8C-9704005BAB21}.Release|Any CPU.ActiveCfg = Release|Any CPU
		{7299758B-5C46-43E5-8A8C-9704005BAB21}.Release|Any CPU.Build.0 = Release|Any CPU
	EndGlobalSection
	GlobalSection(SolutionProperties) = preSolution
		HideSolutionNode = FALSE
	EndGlobalSection
	GlobalSection(ExtensibilityGlobals) = postSolution
		SolutionGuid = {7B1EFFDD-29B0-4C46-8D16-C4C8103F1233}
	EndGlobalSection
EndGlobal
