
Microsoft Visual Studio Solution File, Format Version 12.00
# Visual Studio Version 16
VisualStudioVersion = 16.0.32802.440
MinimumVisualStudioVersion = 10.0.40219.1
Project("{FAE04EC0-301F-11D3-BF4B-00C04F79EFBC}") = "EJECUTOR", "EJECUTOR\EJECUTOR.csproj", "{ABC8BDF6-5CE5-44B2-9342-111A63C9C2B3}"
EndProject
Global
	GlobalSection(SolutionConfigurationPlatforms) = preSolution
		Debug|Any CPU = Debug|Any CPU
		Release|Any CPU = Release|Any CPU
	EndGlobalSection
	GlobalSection(ProjectConfigurationPlatforms) = postSolution
		{ABC8BDF6-5CE5-44B2-9342-111A63C9C2B3}.Debug|Any CPU.ActiveCfg = Debug|Any CPU
		{ABC8BDF6-5CE5-44B2-9342-111A63C9C2B3}.Debug|Any CPU.Build.0 = Debug|Any CPU
		{ABC8BDF6-5CE5-44B2-9342-111A63C9C2B3}.Release|Any CPU.ActiveCfg = Release|Any CPU
		{ABC8BDF6-5CE5-44B2-9342-111A63C9C2B3}.Release|Any CPU.Build.0 = Release|Any CPU
	EndGlobalSection
	GlobalSection(SolutionProperties) = preSolution
		HideSolutionNode = FALSE
	EndGlobalSection
	GlobalSection(ExtensibilityGlobals) = postSolution
		SolutionGuid = {E9569307-5CDC-4D6C-9975-227F9FE227EE}
	EndGlobalSection
EndGlobal
